
Microsoft Visual Studio Solution File, Format Version 12.00
# Visual Studio Version 16
VisualStudioVersion = 25.0.1704.2
MinimumVisualStudioVersion = 10.0.40219.1
Project("{FAE04EC0-301F-11D3-BF4B-00C04F79EFBC}") = "OOPsConcept", "OOPsConcept\OOPsConcept.csproj", "{6FB88E30-5A76-48B1-B1A5-225C6BA624BD}"
EndProject
Global
	GlobalSection(SolutionConfigurationPlatforms) = preSolution
		Debug|Any CPU = Debug|Any CPU
		Release|Any CPU = Release|Any CPU
	EndGlobalSection
	GlobalSection(ProjectConfigurationPlatforms) = postSolution
		{6FB88E30-5A76-48B1-B1A5-225C6BA624BD}.Debug|Any CPU.ActiveCfg = Debug|Any CPU
		{6FB88E30-5A76-48B1-B1A5-225C6BA624BD}.Debug|Any CPU.Build.0 = Debug|Any CPU
		{6FB88E30-5A76-48B1-B1A5-225C6BA624BD}.Release|Any CPU.ActiveCfg = Release|Any CPU
		{6FB88E30-5A76-48B1-B1A5-225C6BA624BD}.Release|Any CPU.Build.0 = Release|Any CPU
	EndGlobalSection
	GlobalSection(SolutionProperties) = preSolution
		HideSolutionNode = FALSE
	EndGlobalSection
	GlobalSection(ExtensibilityGlobals) = postSolution
		SolutionGuid = {7B1D15C9-5632-4A86-B2D7-987AFF043214}
	EndGlobalSection
EndGlobal
